
Microsoft Visual Studio Solution File, Format Version 12.00
# Visual Studio Version 17
VisualStudioVersion = 17.13.35931.197 d17.13
MinimumVisualStudioVersion = 10.0.40219.1
Project("{FAE04EC0-301F-11D3-BF4B-00C04F79EFBC}") = "MonitoredApp", "MonitoredApp\MonitoredApp.csproj", "{27F95347-A513-4644-920F-78E414ED1502}"
EndProject
Global
	GlobalSection(SolutionConfigurationPlatforms) = preSolution
		Debug|Any CPU = Debug|Any CPU
		Release|Any CPU = Release|Any CPU
	EndGlobalSection
	GlobalSection(ProjectConfigurationPlatforms) = postSolution
		{27F95347-A513-4644-920F-78E414ED1502}.Debug|Any CPU.ActiveCfg = Debug|Any CPU
		{27F95347-A513-4644-920F-78E414ED1502}.Debug|Any CPU.Build.0 = Debug|Any CPU
		{27F95347-A513-4644-920F-78E414ED1502}.Release|Any CPU.ActiveCfg = Release|Any CPU
		{27F95347-A513-4644-920F-78E414ED1502}.Release|Any CPU.Build.0 = Release|Any CPU
	EndGlobalSection
	GlobalSection(SolutionProperties) = preSolution
		HideSolutionNode = FALSE
	EndGlobalSection
	GlobalSection(ExtensibilityGlobals) = postSolution
		SolutionGuid = {36409D85-8BDA-49A4-A074-982B124B1631}
	EndGlobalSection
EndGlobal
